
Microsoft Visual Studio Solution File, Format Version 12.00
# Visual Studio Version 17
VisualStudioVersion = 17.8.34330.188
MinimumVisualStudioVersion = 10.0.40219.1
Project("{9A19103F-16F7-4668-BE54-9A1E7A4F7556}") = "DataAccesLayer", "DataAccesLayer\DataAccesLayer.csproj", "{AC83E577-FC91-4BAD-B9D9-911244C23038}"
EndProject
Project("{9A19103F-16F7-4668-BE54-9A1E7A4F7556}") = "BusinessLogicLayer", "BusinessLogicLayer\BusinessLogicLayer.csproj", "{0B7FFC6D-1B6C-4D18-B526-0DEAB7585953}"
EndProject
Project("{9A19103F-16F7-4668-BE54-9A1E7A4F7556}") = "DTO", "DTOs\DTO.csproj", "{16E5D749-B685-4868-8563-B106D15DA2D3}"
EndProject
Project("{FAE04EC0-301F-11D3-BF4B-00C04F79EFBC}") = "PresentationLayers", "PresentationLayers\PresentationLayers.csproj", "{915DB0D8-7045-4EE7-868C-6E33A297DC8B}"
EndProject
Global
	GlobalSection(SolutionConfigurationPlatforms) = preSolution
		Debug|Any CPU = Debug|Any CPU
		Release|Any CPU = Release|Any CPU
	EndGlobalSection
	GlobalSection(ProjectConfigurationPlatforms) = postSolution
		{AC83E577-FC91-4BAD-B9D9-911244C23038}.Debug|Any CPU.ActiveCfg = Debug|Any CPU
		{AC83E577-FC91-4BAD-B9D9-911244C23038}.Debug|Any CPU.Build.0 = Debug|Any CPU
		{AC83E577-FC91-4BAD-B9D9-911244C23038}.Release|Any CPU.ActiveCfg = Release|Any CPU
		{AC83E577-FC91-4BAD-B9D9-911244C23038}.Release|Any CPU.Build.0 = Release|Any CPU
		{0B7FFC6D-1B6C-4D18-B526-0DEAB7585953}.Debug|Any CPU.ActiveCfg = Debug|Any CPU
		{0B7FFC6D-1B6C-4D18-B526-0DEAB7585953}.Debug|Any CPU.Build.0 = Debug|Any CPU
		{0B7FFC6D-1B6C-4D18-B526-0DEAB7585953}.Release|Any CPU.ActiveCfg = Release|Any CPU
		{0B7FFC6D-1B6C-4D18-B526-0DEAB7585953}.Release|Any CPU.Build.0 = Release|Any CPU
		{16E5D749-B685-4868-8563-B106D15DA2D3}.Debug|Any CPU.ActiveCfg = Debug|Any CPU
		{16E5D749-B685-4868-8563-B106D15DA2D3}.Debug|Any CPU.Build.0 = Debug|Any CPU
		{16E5D749-B685-4868-8563-B106D15DA2D3}.Release|Any CPU.ActiveCfg = Release|Any CPU
		{16E5D749-B685-4868-8563-B106D15DA2D3}.Release|Any CPU.Build.0 = Release|Any CPU
		{915DB0D8-7045-4EE7-868C-6E33A297DC8B}.Debug|Any CPU.ActiveCfg = Debug|Any CPU
		{915DB0D8-7045-4EE7-868C-6E33A297DC8B}.Debug|Any CPU.Build.0 = Debug|Any CPU
		{915DB0D8-7045-4EE7-868C-6E33A297DC8B}.Release|Any CPU.ActiveCfg = Release|Any CPU
		{915DB0D8-7045-4EE7-868C-6E33A297DC8B}.Release|Any CPU.Build.0 = Release|Any CPU
	EndGlobalSection
	GlobalSection(SolutionProperties) = preSolution
		HideSolutionNode = FALSE
	EndGlobalSection
	GlobalSection(ExtensibilityGlobals) = postSolution
		SolutionGuid = {A911BC5F-5232-4D42-981B-C66948E206C7}
	EndGlobalSection
EndGlobal
